# This file was autogenerated by Stack.
# You should not edit this file by hand.
# For more information, please see the documentation at:
#   https://docs.haskellstack.org/en/stable/lock_files

packages:
- completed:
    hackage: hint-0.9.0.6@sha256:778771a53b5fa446d9d4390023be6aa8de81390a75eb81615bbb65683bd577f0,3340
    pantry-tree:
      size: 1717
      sha256: cb4ecbf9eade4de6453738b49182e10270a925e60d201f8a31cf34a556f5cdde
  original:
    hackage: hint-0.9.0.6
snapshots:
- completed:
    size: 590102
    url: https://raw.githubusercontent.com/commercialhaskell/stackage-snapshots/master/lts/18/27.yaml
    sha256: 79a786674930a89301b0e908fad2822a48882f3d01486117693c377b8edffdbe
  original:
    url: https://raw.githubusercontent.com/commercialhaskell/stackage-snapshots/master/lts/18/27.yaml
